
Microsoft Visual Studio Solution File, Format Version 12.00
# Visual Studio Version 17
VisualStudioVersion = 17.14.37628.2 d17.14
MinimumVisualStudioVersion = 10.0.40219.1
Project("{FAE04EC0-301F-11D3-BF4B-00C04F79EFBC}") = "Laba1", "Laba1\Laba1.csproj", "{448DC4B9-325F-440B-B54A-C8169552E65B}"
EndProject
Global
	GlobalSection(SolutionConfigurationPlatforms) = preSolution
		Debug|Any CPU = Debug|Any CPU
		Release|Any CPU = Release|Any CPU
	EndGlobalSection
	GlobalSection(ProjectConfigurationPlatforms) = postSolution
		{448DC4B9-325F-440B-B54A-C8169552E65B}.Debug|Any CPU.ActiveCfg = Debug|Any CPU
		{448DC4B9-325F-440B-B54A-C8169552E65B}.Debug|Any CPU.Build.0 = Debug|Any CPU
		{448DC4B9-325F-440B-B54A-C8169552E65B}.Release|Any CPU.ActiveCfg = Release|Any CPU
		{448DC4B9-325F-440B-B54A-C8169552E65B}.Release|Any CPU.Build.0 = Release|Any CPU
	EndGlobalSection
	GlobalSection(SolutionProperties) = preSolution
		HideSolutionNode = FALSE
	EndGlobalSection
	GlobalSection(ExtensibilityGlobals) = postSolution
		SolutionGuid = {3C81C886-B008-43BC-8374-EF0E4B4617DD}
	EndGlobalSection
EndGlobal
